Microsoft Visual Studio Solution File, Format Version 12.00
# Visual Studio Version 16
VisualStudioVersion = 16.0.29920.165
MinimumVisualStudioVersion = 15.0.26124.0

Project("{D954291E-2A0B-460D-934E-DC6B0785DB48}") = "SpoonUno.Shared", "SpoonUno.Shared\SpoonUno.Shared.shproj", "{6279C845-92F8-4333-AB99-3D213163593C}"
EndProject

Project("{FAE04EC0-301F-11D3-BF4B-00C04F79EFBC}") = "SpoonUno.Droid", "SpoonUno.Droid\SpoonUno.Droid.csproj", "{d773c8e9-919f-4a24-b489-7f65c7c01a43}"
EndProject

Project("{FAE04EC0-301F-11D3-BF4B-00C04F79EFBC}") = "SpoonUno.iOS", "SpoonUno.iOS\SpoonUno.iOS.csproj", "{c591515e-4d00-4a03-9dc7-c9bf056e7d36}"
EndProject

Project("{FAE04EC0-301F-11D3-BF4B-00C04F79EFBC}") = "SpoonUno.Uwp", "SpoonUno.UWP\SpoonUno.Uwp.csproj", "{1bf55855-5d03-4ec0-a1d8-5f0bcc32a67a}"
EndProject

Project("{9A19103F-16F7-4668-BE54-9A1E7A4F7556}") = "SpoonUno.Wasm", "SpoonUno.Wasm\SpoonUno.Wasm.csproj", "{40EA03F7-8A22-4143-B251-79BAC3EB13D2}"
EndProject

Project("{FAE04EC0-301F-11D3-BF4B-00C04F79EFBC}") = "SpoonUno.macOS", "SpoonUno.macOS\SpoonUno.macOS.csproj", "{587a599d-23d5-486a-949f-02696a41a562}"
EndProject

Project("{9A19103F-16F7-4668-BE54-9A1E7A4F7556}") = "SpoonUno.Skia.Gtk", "SpoonUno.Skia.Gtk\SpoonUno.Skia.Gtk.csproj", "{A5B8155A-118F-4794-B551-C6F3CF7E5411}"
EndProject

Project("{9A19103F-16F7-4668-BE54-9A1E7A4F7556}") = "SpoonUno.Skia.WPF", "SpoonUno.Skia.WPF\SpoonUno.Skia.WPF.csproj", "{ccd07689-328b-426d-bd9d-18c22ce9edca}"
EndProject
Project("{9A19103F-16F7-4668-BE54-9A1E7A4F7556}") = "SpoonUno.Skia.Wpf.Host", "SpoonUno.Skia.WPF.Host\SpoonUno.Skia.Wpf.Host.csproj", "{6CF284A4-22B1-4F05-97F4-F095C07A598E}"
EndProject

Project("{9A19103F-16F7-4668-BE54-9A1E7A4F7556}") = "SpoonUno.Skia.Tizen", "SpoonUno.Skia.Tizen\SpoonUno.Skia.Tizen.csproj", "{9AED22A6-77DC-4799-BAE7-5F26F2070BD2}"
EndProject

Global
	GlobalSection(SharedMSBuildProjectFiles) = preSolution
		SpoonUno.Shared\SpoonUno.Shared.projitems*{d773c8e9-919f-4a24-b489-7f65c7c01a43}*SharedItemsImports = 4
		SpoonUno.Shared\SpoonUno.Shared.projitems*{ccd07689-328b-426d-bd9d-18c22ce9edca}*SharedItemsImports = 5
		SpoonUno.Shared\SpoonUno.Shared.projitems*{587a599d-23d5-486a-949f-02696a41a562}*SharedItemsImports = 4
		SpoonUno.Shared\SpoonUno.Shared.projitems*{40ea03f7-8a22-4143-b251-79bac3eb13d2}*SharedItemsImports = 5
		SpoonUno.Shared\SpoonUno.Shared.projitems*{a5b8155a-118f-4794-b551-c6f3cf7e5411}*SharedItemsImports = 5
		SpoonUno.Shared\SpoonUno.Shared.projitems*{c591515e-4d00-4a03-9dc7-c9bf056e7d36}*SharedItemsImports = 4
		SpoonUno.Shared\SpoonUno.Shared.projitems*{6279c845-92f8-4333-ab99-3d213163593c}*SharedItemsImports = 13
		SpoonUno.Shared\SpoonUno.Shared.projitems*{1bf55855-5d03-4ec0-a1d8-5f0bcc32a67a}*SharedItemsImports = 4
	EndGlobalSection
	GlobalSection(SolutionConfigurationPlatforms) = preSolution
		Debug|Any CPU = Debug|Any CPU
		Debug|ARM = Debug|ARM
		Debug|ARM64 = Debug|ARM64
		Debug|iPhone = Debug|iPhone
		Debug|iPhoneSimulator = Debug|iPhoneSimulator
		Debug|x64 = Debug|x64
		Debug|x86 = Debug|x86
		Release|Any CPU = Release|Any CPU
		Release|ARM = Release|ARM
		Release|ARM64 = Release|ARM64
		Release|iPhone = Release|iPhone
		Release|iPhoneSimulator = Release|iPhoneSimulator
		Release|x64 = Release|x64
		Release|x86 = Release|x86
	EndGlobalSection
	GlobalSection(ProjectConfigurationPlatforms) = postSolution
		{d773c8e9-919f-4a24-b489-7f65c7c01a43}.Debug|Any CPU.ActiveCfg = Debug|Any CPU
		{d773c8e9-919f-4a24-b489-7f65c7c01a43}.Debug|Any CPU.Build.0 = Debug|Any CPU
		{d773c8e9-919f-4a24-b489-7f65c7c01a43}.Debug|Any CPU.Deploy.0 = Debug|Any CPU
		{d773c8e9-919f-4a24-b489-7f65c7c01a43}.Debug|ARM.ActiveCfg = Debug|Any CPU
		{d773c8e9-919f-4a24-b489-7f65c7c01a43}.Debug|ARM.Build.0 = Debug|Any CPU
		{d773c8e9-919f-4a24-b489-7f65c7c01a43}.Debug|ARM.Deploy.0 = Debug|Any CPU
		{d773c8e9-919f-4a24-b489-7f65c7c01a43}.Debug|ARM64.ActiveCfg = Debug|Any CPU
		{d773c8e9-919f-4a24-b489-7f65c7c01a43}.Debug|ARM64.Build.0 = Debug|Any CPU
		{d773c8e9-919f-4a24-b489-7f65c7c01a43}.Debug|ARM64.Deploy.0 = Debug|Any CPU
		{d773c8e9-919f-4a24-b489-7f65c7c01a43}.Debug|iPhone.ActiveCfg = Debug|Any CPU
		{d773c8e9-919f-4a24-b489-7f65c7c01a43}.Debug|iPhone.Build.0 = Debug|Any CPU
		{d773c8e9-919f-4a24-b489-7f65c7c01a43}.Debug|iPhone.Deploy.0 = Debug|Any CPU
		{d773c8e9-919f-4a24-b489-7f65c7c01a43}.Debug|iPhoneSimulator.ActiveCfg = Debug|Any CPU
		{d773c8e9-919f-4a24-b489-7f65c7c01a43}.Debug|iPhoneSimulator.Build.0 = Debug|Any CPU
		{d773c8e9-919f-4a24-b489-7f65c7c01a43}.Debug|iPhoneSimulator.Deploy.0 = Debug|Any CPU
		{d773c8e9-919f-4a24-b489-7f65c7c01a43}.Debug|x64.ActiveCfg = Debug|Any CPU
		{d773c8e9-919f-4a24-b489-7f65c7c01a43}.Debug|x64.Build.0 = Debug|Any CPU
		{d773c8e9-919f-4a24-b489-7f65c7c01a43}.Debug|x64.Deploy.0 = Debug|Any CPU
		{d773c8e9-919f-4a24-b489-7f65c7c01a43}.Debug|x86.ActiveCfg = Debug|Any CPU
		{d773c8e9-919f-4a24-b489-7f65c7c01a43}.Debug|x86.Build.0 = Debug|Any CPU
		{d773c8e9-919f-4a24-b489-7f65c7c01a43}.Debug|x86.Deploy.0 = Debug|Any CPU

		{d773c8e9-919f-4a24-b489-7f65c7c01a43}.Release|Any CPU.ActiveCfg = Release|Any CPU
		{d773c8e9-919f-4a24-b489-7f65c7c01a43}.Release|Any CPU.Build.0 = Release|Any CPU
		{d773c8e9-919f-4a24-b489-7f65c7c01a43}.Release|Any CPU.Deploy.0 = Release|Any CPU
		{d773c8e9-919f-4a24-b489-7f65c7c01a43}.Release|ARM.ActiveCfg = Release|Any CPU
		{d773c8e9-919f-4a24-b489-7f65c7c01a43}.Release|ARM.Build.0 = Release|Any CPU
		{d773c8e9-919f-4a24-b489-7f65c7c01a43}.Release|ARM.Deploy.0 = Release|Any CPU
		{d773c8e9-919f-4a24-b489-7f65c7c01a43}.Release|ARM64.ActiveCfg = Release|Any CPU
		{d773c8e9-919f-4a24-b489-7f65c7c01a43}.Release|ARM64.Build.0 = Release|Any CPU
		{d773c8e9-919f-4a24-b489-7f65c7c01a43}.Release|ARM64.Deploy.0 = Release|Any CPU
		{d773c8e9-919f-4a24-b489-7f65c7c01a43}.Release|iPhone.ActiveCfg = Release|Any CPU
		{d773c8e9-919f-4a24-b489-7f65c7c01a43}.Release|iPhone.Build.0 = Release|Any CPU
		{d773c8e9-919f-4a24-b489-7f65c7c01a43}.Release|iPhone.Deploy.0 = Release|Any CPU
		{d773c8e9-919f-4a24-b489-7f65c7c01a43}.Release|iPhoneSimulator.ActiveCfg = Release|Any CPU
		{d773c8e9-919f-4a24-b489-7f65c7c01a43}.Release|iPhoneSimulator.Build.0 = Release|Any CPU
		{d773c8e9-919f-4a24-b489-7f65c7c01a43}.Release|iPhoneSimulator.Deploy.0 = Release|Any CPU
		{d773c8e9-919f-4a24-b489-7f65c7c01a43}.Release|x64.ActiveCfg = Release|Any CPU
		{d773c8e9-919f-4a24-b489-7f65c7c01a43}.Release|x64.Build.0 = Release|Any CPU
		{d773c8e9-919f-4a24-b489-7f65c7c01a43}.Release|x64.Deploy.0 = Release|Any CPU
		{d773c8e9-919f-4a24-b489-7f65c7c01a43}.Release|x86.ActiveCfg = Release|Any CPU
		{d773c8e9-919f-4a24-b489-7f65c7c01a43}.Release|x86.Build.0 = Release|Any CPU
		{d773c8e9-919f-4a24-b489-7f65c7c01a43}.Release|x86.Deploy.0 = Release|Any CPU
		{c591515e-4d00-4a03-9dc7-c9bf056e7d36}.Debug|Any CPU.ActiveCfg = Debug|iPhone
		{c591515e-4d00-4a03-9dc7-c9bf056e7d36}.Debug|Any CPU.Build.0 = Debug|iPhone
		{c591515e-4d00-4a03-9dc7-c9bf056e7d36}.Debug|Any CPU.Deploy.0 = Debug|iPhone
		{c591515e-4d00-4a03-9dc7-c9bf056e7d36}.Debug|ARM.ActiveCfg = Debug|iPhone
		{c591515e-4d00-4a03-9dc7-c9bf056e7d36}.Debug|ARM64.ActiveCfg = Debug|iPhone
		{c591515e-4d00-4a03-9dc7-c9bf056e7d36}.Debug|iPhone.ActiveCfg = Debug|iPhone
		{c591515e-4d00-4a03-9dc7-c9bf056e7d36}.Debug|iPhone.Build.0 = Debug|iPhone
		{c591515e-4d00-4a03-9dc7-c9bf056e7d36}.Debug|iPhoneSimulator.ActiveCfg = Debug|iPhoneSimulator
		{c591515e-4d00-4a03-9dc7-c9bf056e7d36}.Debug|iPhoneSimulator.Build.0 = Debug|iPhoneSimulator
		{c591515e-4d00-4a03-9dc7-c9bf056e7d36}.Debug|x64.ActiveCfg = Debug|iPhone
		{c591515e-4d00-4a03-9dc7-c9bf056e7d36}.Debug|x64.Build.0 = Debug|iPhone
		{c591515e-4d00-4a03-9dc7-c9bf056e7d36}.Debug|x64.Deploy.0 = Debug|iPhone
		{c591515e-4d00-4a03-9dc7-c9bf056e7d36}.Debug|x86.ActiveCfg = Debug|iPhoneSimulator
		{c591515e-4d00-4a03-9dc7-c9bf056e7d36}.Debug|x86.Build.0 = Debug|iPhoneSimulator
		{c591515e-4d00-4a03-9dc7-c9bf056e7d36}.Debug|x86.Deploy.0 = Debug|iPhoneSimulator
		{c591515e-4d00-4a03-9dc7-c9bf056e7d36}.Release|Any CPU.ActiveCfg = Release|iPhone
		{c591515e-4d00-4a03-9dc7-c9bf056e7d36}.Release|ARM.ActiveCfg = Release|iPhone
		{c591515e-4d00-4a03-9dc7-c9bf056e7d36}.Release|ARM64.ActiveCfg = Release|iPhone
		{c591515e-4d00-4a03-9dc7-c9bf056e7d36}.Release|iPhone.ActiveCfg = Release|iPhone
		{c591515e-4d00-4a03-9dc7-c9bf056e7d36}.Release|iPhone.Build.0 = Release|iPhone
		{c591515e-4d00-4a03-9dc7-c9bf056e7d36}.Release|iPhoneSimulator.ActiveCfg = Release|iPhoneSimulator
		{c591515e-4d00-4a03-9dc7-c9bf056e7d36}.Release|iPhoneSimulator.Build.0 = Release|iPhoneSimulator
		{c591515e-4d00-4a03-9dc7-c9bf056e7d36}.Release|x64.ActiveCfg = Release|iPhoneSimulator
		{c591515e-4d00-4a03-9dc7-c9bf056e7d36}.Release|x64.Build.0 = Release|iPhoneSimulator
		{c591515e-4d00-4a03-9dc7-c9bf056e7d36}.Release|x64.Deploy.0 = Release|iPhoneSimulator
		{c591515e-4d00-4a03-9dc7-c9bf056e7d36}.Release|x86.ActiveCfg = Release|iPhoneSimulator
		{c591515e-4d00-4a03-9dc7-c9bf056e7d36}.Release|x86.Build.0 = Release|iPhoneSimulator

		{1bf55855-5d03-4ec0-a1d8-5f0bcc32a67a}.Debug|Any CPU.ActiveCfg = Debug|x86
		{1bf55855-5d03-4ec0-a1d8-5f0bcc32a67a}.Debug|Any CPU.Build.0 = Debug|x86
		{1bf55855-5d03-4ec0-a1d8-5f0bcc32a67a}.Debug|Any CPU.Deploy.0 = Debug|x86
		{1bf55855-5d03-4ec0-a1d8-5f0bcc32a67a}.Debug|ARM.ActiveCfg = Debug|ARM
		{1bf55855-5d03-4ec0-a1d8-5f0bcc32a67a}.Debug|ARM.Build.0 = Debug|ARM
		{1bf55855-5d03-4ec0-a1d8-5f0bcc32a67a}.Debug|ARM.Deploy.0 = Debug|ARM
		{1bf55855-5d03-4ec0-a1d8-5f0bcc32a67a}.Debug|ARM64.ActiveCfg = Debug|ARM64
		{1bf55855-5d03-4ec0-a1d8-5f0bcc32a67a}.Debug|ARM64.Build.0 = Debug|ARM64
		{1bf55855-5d03-4ec0-a1d8-5f0bcc32a67a}.Debug|ARM64.Deploy.0 = Debug|ARM64
		{1bf55855-5d03-4ec0-a1d8-5f0bcc32a67a}.Debug|iPhone.ActiveCfg = Debug|x86
		{1bf55855-5d03-4ec0-a1d8-5f0bcc32a67a}.Debug|iPhone.Build.0 = Debug|x86
		{1bf55855-5d03-4ec0-a1d8-5f0bcc32a67a}.Debug|iPhone.Deploy.0 = Debug|x86
		{1bf55855-5d03-4ec0-a1d8-5f0bcc32a67a}.Debug|iPhoneSimulator.ActiveCfg = Debug|x86
		{1bf55855-5d03-4ec0-a1d8-5f0bcc32a67a}.Debug|iPhoneSimulator.Build.0 = Debug|x86
		{1bf55855-5d03-4ec0-a1d8-5f0bcc32a67a}.Debug|iPhoneSimulator.Deploy.0 = Debug|x86
		{1bf55855-5d03-4ec0-a1d8-5f0bcc32a67a}.Debug|x64.ActiveCfg = Debug|x64
		{1bf55855-5d03-4ec0-a1d8-5f0bcc32a67a}.Debug|x64.Build.0 = Debug|x64
		{1bf55855-5d03-4ec0-a1d8-5f0bcc32a67a}.Debug|x64.Deploy.0 = Debug|x64
		{1bf55855-5d03-4ec0-a1d8-5f0bcc32a67a}.Debug|x86.ActiveCfg = Debug|x86
		{1bf55855-5d03-4ec0-a1d8-5f0bcc32a67a}.Debug|x86.Build.0 = Debug|x86
		{1bf55855-5d03-4ec0-a1d8-5f0bcc32a67a}.Debug|x86.Deploy.0 = Debug|x86
		{1bf55855-5d03-4ec0-a1d8-5f0bcc32a67a}.Release|Any CPU.ActiveCfg = Release|x86
		{1bf55855-5d03-4ec0-a1d8-5f0bcc32a67a}.Release|ARM.ActiveCfg = Release|ARM
		{1bf55855-5d03-4ec0-a1d8-5f0bcc32a67a}.Release|ARM.Build.0 = Release|ARM
		{1bf55855-5d03-4ec0-a1d8-5f0bcc32a67a}.Release|ARM.Deploy.0 = Release|ARM
		{1bf55855-5d03-4ec0-a1d8-5f0bcc32a67a}.Release|ARM64.ActiveCfg = Release|ARM64
		{1bf55855-5d03-4ec0-a1d8-5f0bcc32a67a}.Release|ARM64.Build.0 = Release|ARM64
		{1bf55855-5d03-4ec0-a1d8-5f0bcc32a67a}.Release|ARM64.Deploy.0 = Release|ARM64
		{1bf55855-5d03-4ec0-a1d8-5f0bcc32a67a}.Release|iPhone.ActiveCfg = Release|x86
		{1bf55855-5d03-4ec0-a1d8-5f0bcc32a67a}.Release|iPhone.Build.0 = Release|x86
		{1bf55855-5d03-4ec0-a1d8-5f0bcc32a67a}.Release|iPhoneSimulator.ActiveCfg = Release|x86
		{1bf55855-5d03-4ec0-a1d8-5f0bcc32a67a}.Release|iPhoneSimulator.Build.0 = Release|x86
		{1bf55855-5d03-4ec0-a1d8-5f0bcc32a67a}.Release|iPhoneSimulator.Deploy.0 = Release|x86
		{1bf55855-5d03-4ec0-a1d8-5f0bcc32a67a}.Release|x64.ActiveCfg = Release|x64
		{1bf55855-5d03-4ec0-a1d8-5f0bcc32a67a}.Release|x64.Build.0 = Release|x64
		{1bf55855-5d03-4ec0-a1d8-5f0bcc32a67a}.Release|x64.Deploy.0 = Release|x64
		{1bf55855-5d03-4ec0-a1d8-5f0bcc32a67a}.Release|x86.ActiveCfg = Release|x86
		{1bf55855-5d03-4ec0-a1d8-5f0bcc32a67a}.Release|x86.Build.0 = Release|x86
		{1bf55855-5d03-4ec0-a1d8-5f0bcc32a67a}.Release|x86.Deploy.0 = Release|x86

		{ccd07689-328b-426d-bd9d-18c22ce9edca}.Debug|Any CPU.ActiveCfg = Debug|Any CPU
		{ccd07689-328b-426d-bd9d-18c22ce9edca}.Debug|Any CPU.Build.0 = Debug|Any CPU
		{ccd07689-328b-426d-bd9d-18c22ce9edca}.Debug|Any CPU.Deploy.0 = Debug|Any CPU
		{ccd07689-328b-426d-bd9d-18c22ce9edca}.Debug|ARM.ActiveCfg = Debug|ARM
		{ccd07689-328b-426d-bd9d-18c22ce9edca}.Debug|ARM.Build.0 = Debug|ARM
		{ccd07689-328b-426d-bd9d-18c22ce9edca}.Debug|ARM.Deploy.0 = Debug|ARM
		{ccd07689-328b-426d-bd9d-18c22ce9edca}.Debug|ARM64.ActiveCfg = Debug|ARM64
		{ccd07689-328b-426d-bd9d-18c22ce9edca}.Debug|ARM64.Build.0 = Debug|ARM64
		{ccd07689-328b-426d-bd9d-18c22ce9edca}.Debug|ARM64.Deploy.0 = Debug|ARM64
		{ccd07689-328b-426d-bd9d-18c22ce9edca}.Debug|iPhone.ActiveCfg = Debug|x86
		{ccd07689-328b-426d-bd9d-18c22ce9edca}.Debug|iPhone.Build.0 = Debug|x86
		{ccd07689-328b-426d-bd9d-18c22ce9edca}.Debug|iPhone.Deploy.0 = Debug|x86
		{ccd07689-328b-426d-bd9d-18c22ce9edca}.Debug|iPhoneSimulator.ActiveCfg = Debug|x86
		{ccd07689-328b-426d-bd9d-18c22ce9edca}.Debug|iPhoneSimulator.Build.0 = Debug|x86
		{ccd07689-328b-426d-bd9d-18c22ce9edca}.Debug|iPhoneSimulator.Deploy.0 = Debug|x86
		{ccd07689-328b-426d-bd9d-18c22ce9edca}.Debug|x64.ActiveCfg = Debug|x64
		{ccd07689-328b-426d-bd9d-18c22ce9edca}.Debug|x64.Build.0 = Debug|x64
		{ccd07689-328b-426d-bd9d-18c22ce9edca}.Debug|x64.Deploy.0 = Debug|x64
		{ccd07689-328b-426d-bd9d-18c22ce9edca}.Debug|x86.ActiveCfg = Debug|x86
		{ccd07689-328b-426d-bd9d-18c22ce9edca}.Debug|x86.Build.0 = Debug|x86
		{ccd07689-328b-426d-bd9d-18c22ce9edca}.Debug|x86.Deploy.0 = Debug|x86
		{ccd07689-328b-426d-bd9d-18c22ce9edca}.Release|Any CPU.ActiveCfg = Release|x86
		{ccd07689-328b-426d-bd9d-18c22ce9edca}.Release|ARM.ActiveCfg = Release|ARM
		{ccd07689-328b-426d-bd9d-18c22ce9edca}.Release|ARM.Build.0 = Release|ARM
		{ccd07689-328b-426d-bd9d-18c22ce9edca}.Release|ARM.Deploy.0 = Release|ARM
		{ccd07689-328b-426d-bd9d-18c22ce9edca}.Release|ARM64.ActiveCfg = Release|ARM64
		{ccd07689-328b-426d-bd9d-18c22ce9edca}.Release|ARM64.Build.0 = Release|ARM64
		{ccd07689-328b-426d-bd9d-18c22ce9edca}.Release|ARM64.Deploy.0 = Release|ARM64
		{ccd07689-328b-426d-bd9d-18c22ce9edca}.Release|iPhone.ActiveCfg = Release|x86
		{ccd07689-328b-426d-bd9d-18c22ce9edca}.Release|iPhone.Build.0 = Release|x86
		{ccd07689-328b-426d-bd9d-18c22ce9edca}.Release|iPhoneSimulator.ActiveCfg = Release|x86
		{ccd07689-328b-426d-bd9d-18c22ce9edca}.Release|iPhoneSimulator.Build.0 = Release|x86
		{ccd07689-328b-426d-bd9d-18c22ce9edca}.Release|iPhoneSimulator.Deploy.0 = Release|x86
		{ccd07689-328b-426d-bd9d-18c22ce9edca}.Release|x64.ActiveCfg = Release|x64
		{ccd07689-328b-426d-bd9d-18c22ce9edca}.Release|x64.Build.0 = Release|x64
		{ccd07689-328b-426d-bd9d-18c22ce9edca}.Release|x64.Deploy.0 = Release|x64
		{ccd07689-328b-426d-bd9d-18c22ce9edca}.Release|x86.ActiveCfg = Release|x86
		{ccd07689-328b-426d-bd9d-18c22ce9edca}.Release|x86.Build.0 = Release|x86
		{ccd07689-328b-426d-bd9d-18c22ce9edca}.Release|x86.Deploy.0 = Release|x86

		{ccd07689-328b-426d-bd9d-18c22ce9edca}.Debug|Any CPU.ActiveCfg = Debug|Any CPU
		{ccd07689-328b-426d-bd9d-18c22ce9edca}.Debug|Any CPU.Build.0 = Debug|Any CPU
		{ccd07689-328b-426d-bd9d-18c22ce9edca}.Debug|ARM.ActiveCfg = Debug|Any CPU
		{ccd07689-328b-426d-bd9d-18c22ce9edca}.Debug|ARM.Build.0 = Debug|Any CPU
		{ccd07689-328b-426d-bd9d-18c22ce9edca}.Debug|ARM64.ActiveCfg = Debug|Any CPU
		{ccd07689-328b-426d-bd9d-18c22ce9edca}.Debug|ARM64.Build.0 = Debug|Any CPU
		{ccd07689-328b-426d-bd9d-18c22ce9edca}.Debug|iPhone.ActiveCfg = Debug|Any CPU
		{ccd07689-328b-426d-bd9d-18c22ce9edca}.Debug|iPhone.Build.0 = Debug|Any CPU
		{ccd07689-328b-426d-bd9d-18c22ce9edca}.Debug|iPhoneSimulator.ActiveCfg = Debug|Any CPU
		{ccd07689-328b-426d-bd9d-18c22ce9edca}.Debug|iPhoneSimulator.Build.0 = Debug|Any CPU
		{ccd07689-328b-426d-bd9d-18c22ce9edca}.Debug|x64.ActiveCfg = Debug|Any CPU
		{ccd07689-328b-426d-bd9d-18c22ce9edca}.Debug|x64.Build.0 = Debug|Any CPU
		{ccd07689-328b-426d-bd9d-18c22ce9edca}.Debug|x86.ActiveCfg = Debug|Any CPU
		{ccd07689-328b-426d-bd9d-18c22ce9edca}.Debug|x86.Build.0 = Debug|Any CPU
		{ccd07689-328b-426d-bd9d-18c22ce9edca}.Release|Any CPU.ActiveCfg = Release|Any CPU
		{ccd07689-328b-426d-bd9d-18c22ce9edca}.Release|Any CPU.Build.0 = Release|Any CPU
		{ccd07689-328b-426d-bd9d-18c22ce9edca}.Release|ARM.ActiveCfg = Release|Any CPU
		{ccd07689-328b-426d-bd9d-18c22ce9edca}.Release|ARM.Build.0 = Release|Any CPU
		{ccd07689-328b-426d-bd9d-18c22ce9edca}.Release|ARM64.ActiveCfg = Release|Any CPU
		{ccd07689-328b-426d-bd9d-18c22ce9edca}.Release|ARM64.Build.0 = Release|Any CPU
		{ccd07689-328b-426d-bd9d-18c22ce9edca}.Release|iPhone.ActiveCfg = Release|Any CPU
		{ccd07689-328b-426d-bd9d-18c22ce9edca}.Release|iPhone.Build.0 = Release|Any CPU
		{ccd07689-328b-426d-bd9d-18c22ce9edca}.Release|iPhoneSimulator.ActiveCfg = Release|Any CPU
		{ccd07689-328b-426d-bd9d-18c22ce9edca}.Release|iPhoneSimulator.Build.0 = Release|Any CPU
		{ccd07689-328b-426d-bd9d-18c22ce9edca}.Release|x64.ActiveCfg = Release|Any CPU
		{ccd07689-328b-426d-bd9d-18c22ce9edca}.Release|x64.Build.0 = Release|Any CPU
		{ccd07689-328b-426d-bd9d-18c22ce9edca}.Release|x86.ActiveCfg = Release|Any CPU
		{ccd07689-328b-426d-bd9d-18c22ce9edca}.Release|x86.Build.0 = Release|Any CPU

		{A5B8155A-118F-4794-B551-C6F3CF7E5411}.Debug|Any CPU.ActiveCfg = Debug|Any CPU
		{A5B8155A-118F-4794-B551-C6F3CF7E5411}.Debug|Any CPU.Build.0 = Debug|Any CPU
		{A5B8155A-118F-4794-B551-C6F3CF7E5411}.Debug|ARM.ActiveCfg = Debug|Any CPU
		{A5B8155A-118F-4794-B551-C6F3CF7E5411}.Debug|ARM.Build.0 = Debug|Any CPU
		{A5B8155A-118F-4794-B551-C6F3CF7E5411}.Debug|ARM64.ActiveCfg = Debug|Any CPU
		{A5B8155A-118F-4794-B551-C6F3CF7E5411}.Debug|ARM64.Build.0 = Debug|Any CPU
		{A5B8155A-118F-4794-B551-C6F3CF7E5411}.Debug|iPhone.ActiveCfg = Debug|Any CPU
		{A5B8155A-118F-4794-B551-C6F3CF7E5411}.Debug|iPhone.Build.0 = Debug|Any CPU
		{A5B8155A-118F-4794-B551-C6F3CF7E5411}.Debug|iPhoneSimulator.ActiveCfg = Debug|Any CPU
		{A5B8155A-118F-4794-B551-C6F3CF7E5411}.Debug|iPhoneSimulator.Build.0 = Debug|Any CPU
		{A5B8155A-118F-4794-B551-C6F3CF7E5411}.Debug|x64.ActiveCfg = Debug|Any CPU
		{A5B8155A-118F-4794-B551-C6F3CF7E5411}.Debug|x64.Build.0 = Debug|Any CPU
		{A5B8155A-118F-4794-B551-C6F3CF7E5411}.Debug|x86.ActiveCfg = Debug|Any CPU
		{A5B8155A-118F-4794-B551-C6F3CF7E5411}.Debug|x86.Build.0 = Debug|Any CPU
		{A5B8155A-118F-4794-B551-C6F3CF7E5411}.Release|Any CPU.ActiveCfg = Release|Any CPU
		{A5B8155A-118F-4794-B551-C6F3CF7E5411}.Release|Any CPU.Build.0 = Release|Any CPU
		{A5B8155A-118F-4794-B551-C6F3CF7E5411}.Release|ARM.ActiveCfg = Release|Any CPU
		{A5B8155A-118F-4794-B551-C6F3CF7E5411}.Release|ARM.Build.0 = Release|Any CPU
		{A5B8155A-118F-4794-B551-C6F3CF7E5411}.Release|ARM64.ActiveCfg = Release|Any CPU
		{A5B8155A-118F-4794-B551-C6F3CF7E5411}.Release|ARM64.Build.0 = Release|Any CPU
		{A5B8155A-118F-4794-B551-C6F3CF7E5411}.Release|iPhone.ActiveCfg = Release|Any CPU
		{A5B8155A-118F-4794-B551-C6F3CF7E5411}.Release|iPhone.Build.0 = Release|Any CPU
		{A5B8155A-118F-4794-B551-C6F3CF7E5411}.Release|iPhoneSimulator.ActiveCfg = Release|Any CPU
		{A5B8155A-118F-4794-B551-C6F3CF7E5411}.Release|iPhoneSimulator.Build.0 = Release|Any CPU
		{A5B8155A-118F-4794-B551-C6F3CF7E5411}.Release|x64.ActiveCfg = Release|Any CPU
		{A5B8155A-118F-4794-B551-C6F3CF7E5411}.Release|x64.Build.0 = Release|Any CPU
		{A5B8155A-118F-4794-B551-C6F3CF7E5411}.Release|x86.ActiveCfg = Release|Any CPU
		{A5B8155A-118F-4794-B551-C6F3CF7E5411}.Release|x86.Build.0 = Release|Any CPU

		{9AED22A6-77DC-4799-BAE7-5F26F2070BD2}.Debug|Any CPU.ActiveCfg = Debug|Any CPU
		{9AED22A6-77DC-4799-BAE7-5F26F2070BD2}.Debug|Any CPU.Build.0 = Debug|Any CPU
		{9AED22A6-77DC-4799-BAE7-5F26F2070BD2}.Debug|ARM.ActiveCfg = Debug|Any CPU
		{9AED22A6-77DC-4799-BAE7-5F26F2070BD2}.Debug|ARM.Build.0 = Debug|Any CPU
		{9AED22A6-77DC-4799-BAE7-5F26F2070BD2}.Debug|ARM64.ActiveCfg = Debug|Any CPU
		{9AED22A6-77DC-4799-BAE7-5F26F2070BD2}.Debug|ARM64.Build.0 = Debug|Any CPU
		{9AED22A6-77DC-4799-BAE7-5F26F2070BD2}.Debug|iPhone.ActiveCfg = Debug|Any CPU
		{9AED22A6-77DC-4799-BAE7-5F26F2070BD2}.Debug|iPhone.Build.0 = Debug|Any CPU
		{9AED22A6-77DC-4799-BAE7-5F26F2070BD2}.Debug|iPhoneSimulator.ActiveCfg = Debug|Any CPU
		{9AED22A6-77DC-4799-BAE7-5F26F2070BD2}.Debug|iPhoneSimulator.Build.0 = Debug|Any CPU
		{9AED22A6-77DC-4799-BAE7-5F26F2070BD2}.Debug|x64.ActiveCfg = Debug|Any CPU
		{9AED22A6-77DC-4799-BAE7-5F26F2070BD2}.Debug|x64.Build.0 = Debug|Any CPU
		{9AED22A6-77DC-4799-BAE7-5F26F2070BD2}.Debug|x86.ActiveCfg = Debug|Any CPU
		{9AED22A6-77DC-4799-BAE7-5F26F2070BD2}.Debug|x86.Build.0 = Debug|Any CPU
		{9AED22A6-77DC-4799-BAE7-5F26F2070BD2}.Release|Any CPU.ActiveCfg = Release|Any CPU
		{9AED22A6-77DC-4799-BAE7-5F26F2070BD2}.Release|Any CPU.Build.0 = Release|Any CPU
		{9AED22A6-77DC-4799-BAE7-5F26F2070BD2}.Release|ARM.ActiveCfg = Release|Any CPU
		{9AED22A6-77DC-4799-BAE7-5F26F2070BD2}.Release|ARM.Build.0 = Release|Any CPU
		{9AED22A6-77DC-4799-BAE7-5F26F2070BD2}.Release|ARM64.ActiveCfg = Release|Any CPU
		{9AED22A6-77DC-4799-BAE7-5F26F2070BD2}.Release|ARM64.Build.0 = Release|Any CPU
		{9AED22A6-77DC-4799-BAE7-5F26F2070BD2}.Release|iPhone.ActiveCfg = Release|Any CPU
		{9AED22A6-77DC-4799-BAE7-5F26F2070BD2}.Release|iPhone.Build.0 = Release|Any CPU
		{9AED22A6-77DC-4799-BAE7-5F26F2070BD2}.Release|iPhoneSimulator.ActiveCfg = Release|Any CPU
		{9AED22A6-77DC-4799-BAE7-5F26F2070BD2}.Release|iPhoneSimulator.Build.0 = Release|Any CPU
		{9AED22A6-77DC-4799-BAE7-5F26F2070BD2}.Release|x64.ActiveCfg = Release|Any CPU
		{9AED22A6-77DC-4799-BAE7-5F26F2070BD2}.Release|x64.Build.0 = Release|Any CPU
		{9AED22A6-77DC-4799-BAE7-5F26F2070BD2}.Release|x86.ActiveCfg = Release|Any CPU
		{9AED22A6-77DC-4799-BAE7-5F26F2070BD2}.Release|x86.Build.0 = Release|Any CPU

		{6CF284A4-22B1-4F05-97F4-F095C07A598E}.Debug|Any CPU.ActiveCfg = Debug|Any CPU
		{6CF284A4-22B1-4F05-97F4-F095C07A598E}.Debug|Any CPU.Build.0 = Debug|Any CPU
		{6CF284A4-22B1-4F05-97F4-F095C07A598E}.Debug|ARM.ActiveCfg = Debug|Any CPU
		{6CF284A4-22B1-4F05-97F4-F095C07A598E}.Debug|ARM.Build.0 = Debug|Any CPU
		{6CF284A4-22B1-4F05-97F4-F095C07A598E}.Debug|ARM64.ActiveCfg = Debug|Any CPU
		{6CF284A4-22B1-4F05-97F4-F095C07A598E}.Debug|ARM64.Build.0 = Debug|Any CPU
		{6CF284A4-22B1-4F05-97F4-F095C07A598E}.Debug|iPhone.ActiveCfg = Debug|Any CPU
		{6CF284A4-22B1-4F05-97F4-F095C07A598E}.Debug|iPhone.Build.0 = Debug|Any CPU
		{6CF284A4-22B1-4F05-97F4-F095C07A598E}.Debug|iPhoneSimulator.ActiveCfg = Debug|Any CPU
		{6CF284A4-22B1-4F05-97F4-F095C07A598E}.Debug|iPhoneSimulator.Build.0 = Debug|Any CPU
		{6CF284A4-22B1-4F05-97F4-F095C07A598E}.Debug|x64.ActiveCfg = Debug|Any CPU
		{6CF284A4-22B1-4F05-97F4-F095C07A598E}.Debug|x64.Build.0 = Debug|Any CPU
		{6CF284A4-22B1-4F05-97F4-F095C07A598E}.Debug|x86.ActiveCfg = Debug|Any CPU
		{6CF284A4-22B1-4F05-97F4-F095C07A598E}.Debug|x86.Build.0 = Debug|Any CPU
		{6CF284A4-22B1-4F05-97F4-F095C07A598E}.Release|Any CPU.ActiveCfg = Release|Any CPU
		{6CF284A4-22B1-4F05-97F4-F095C07A598E}.Release|Any CPU.Build.0 = Release|Any CPU
		{6CF284A4-22B1-4F05-97F4-F095C07A598E}.Release|ARM.ActiveCfg = Release|Any CPU
		{6CF284A4-22B1-4F05-97F4-F095C07A598E}.Release|ARM.Build.0 = Release|Any CPU
		{6CF284A4-22B1-4F05-97F4-F095C07A598E}.Release|ARM64.ActiveCfg = Release|Any CPU
		{6CF284A4-22B1-4F05-97F4-F095C07A598E}.Release|ARM64.Build.0 = Release|Any CPU
		{6CF284A4-22B1-4F05-97F4-F095C07A598E}.Release|iPhone.ActiveCfg = Release|Any CPU
		{6CF284A4-22B1-4F05-97F4-F095C07A598E}.Release|iPhone.Build.0 = Release|Any CPU
		{6CF284A4-22B1-4F05-97F4-F095C07A598E}.Release|iPhoneSimulator.ActiveCfg = Release|Any CPU
		{6CF284A4-22B1-4F05-97F4-F095C07A598E}.Release|iPhoneSimulator.Build.0 = Release|Any CPU
		{6CF284A4-22B1-4F05-97F4-F095C07A598E}.Release|x64.ActiveCfg = Release|Any CPU
		{6CF284A4-22B1-4F05-97F4-F095C07A598E}.Release|x64.Build.0 = Release|Any CPU
		{6CF284A4-22B1-4F05-97F4-F095C07A598E}.Release|x86.ActiveCfg = Release|Any CPU
		{6CF284A4-22B1-4F05-97F4-F095C07A598E}.Release|x86.Build.0 = Release|Any CPU

		{40EA03F7-8A22-4143-B251-79BAC3EB13D2}.Debug|Any CPU.ActiveCfg = Debug|Any CPU
		{40EA03F7-8A22-4143-B251-79BAC3EB13D2}.Debug|Any CPU.Build.0 = Debug|Any CPU
		{40EA03F7-8A22-4143-B251-79BAC3EB13D2}.Debug|ARM.ActiveCfg = Debug|Any CPU
		{40EA03F7-8A22-4143-B251-79BAC3EB13D2}.Debug|ARM.Build.0 = Debug|Any CPU
		{40EA03F7-8A22-4143-B251-79BAC3EB13D2}.Debug|ARM64.ActiveCfg = Debug|Any CPU
		{40EA03F7-8A22-4143-B251-79BAC3EB13D2}.Debug|ARM64.Build.0 = Debug|Any CPU
		{40EA03F7-8A22-4143-B251-79BAC3EB13D2}.Debug|iPhone.ActiveCfg = Debug|Any CPU
		{40EA03F7-8A22-4143-B251-79BAC3EB13D2}.Debug|iPhone.Build.0 = Debug|Any CPU
		{40EA03F7-8A22-4143-B251-79BAC3EB13D2}.Debug|iPhoneSimulator.ActiveCfg = Debug|Any CPU
		{40EA03F7-8A22-4143-B251-79BAC3EB13D2}.Debug|iPhoneSimulator.Build.0 = Debug|Any CPU
		{40EA03F7-8A22-4143-B251-79BAC3EB13D2}.Debug|x64.ActiveCfg = Debug|Any CPU
		{40EA03F7-8A22-4143-B251-79BAC3EB13D2}.Debug|x64.Build.0 = Debug|Any CPU
		{40EA03F7-8A22-4143-B251-79BAC3EB13D2}.Debug|x86.ActiveCfg = Debug|Any CPU
		{40EA03F7-8A22-4143-B251-79BAC3EB13D2}.Debug|x86.Build.0 = Debug|Any CPU
		{40EA03F7-8A22-4143-B251-79BAC3EB13D2}.Release|Any CPU.ActiveCfg = Release|Any CPU
		{40EA03F7-8A22-4143-B251-79BAC3EB13D2}.Release|Any CPU.Build.0 = Release|Any CPU
		{40EA03F7-8A22-4143-B251-79BAC3EB13D2}.Release|ARM.ActiveCfg = Release|Any CPU
		{40EA03F7-8A22-4143-B251-79BAC3EB13D2}.Release|ARM.Build.0 = Release|Any CPU
		{40EA03F7-8A22-4143-B251-79BAC3EB13D2}.Release|ARM64.ActiveCfg = Release|Any CPU
		{40EA03F7-8A22-4143-B251-79BAC3EB13D2}.Release|ARM64.Build.0 = Release|Any CPU
		{40EA03F7-8A22-4143-B251-79BAC3EB13D2}.Release|iPhone.ActiveCfg = Release|Any CPU
		{40EA03F7-8A22-4143-B251-79BAC3EB13D2}.Release|iPhone.Build.0 = Release|Any CPU
		{40EA03F7-8A22-4143-B251-79BAC3EB13D2}.Release|iPhoneSimulator.ActiveCfg = Release|Any CPU
		{40EA03F7-8A22-4143-B251-79BAC3EB13D2}.Release|iPhoneSimulator.Build.0 = Release|Any CPU
		{40EA03F7-8A22-4143-B251-79BAC3EB13D2}.Release|x64.ActiveCfg = Release|Any CPU
		{40EA03F7-8A22-4143-B251-79BAC3EB13D2}.Release|x64.Build.0 = Release|Any CPU
		{40EA03F7-8A22-4143-B251-79BAC3EB13D2}.Release|x86.ActiveCfg = Release|Any CPU
		{40EA03F7-8A22-4143-B251-79BAC3EB13D2}.Release|x86.Build.0 = Release|Any CPU
		{587a599d-23d5-486a-949f-02696a41a562}.Debug|Any CPU.ActiveCfg = Debug|iPhoneSimulator
		{587a599d-23d5-486a-949f-02696a41a562}.Debug|Any CPU.Build.0 = Debug|iPhoneSimulator
		{587a599d-23d5-486a-949f-02696a41a562}.Debug|ARM.ActiveCfg = Debug|iPhoneSimulator
		{587a599d-23d5-486a-949f-02696a41a562}.Debug|ARM64.ActiveCfg = Debug|iPhoneSimulator
		{587a599d-23d5-486a-949f-02696a41a562}.Debug|iPhone.ActiveCfg = Debug|iPhoneSimulator
		{587a599d-23d5-486a-949f-02696a41a562}.Debug|iPhone.Build.0 = Debug|iPhoneSimulator
		{587a599d-23d5-486a-949f-02696a41a562}.Debug|iPhoneSimulator.ActiveCfg = Debug|iPhoneSimulator
		{587a599d-23d5-486a-949f-02696a41a562}.Debug|iPhoneSimulator.Build.0 = Debug|iPhoneSimulator
		{587a599d-23d5-486a-949f-02696a41a562}.Debug|x64.ActiveCfg = Debug|iPhoneSimulator
		{587a599d-23d5-486a-949f-02696a41a562}.Debug|x64.Build.0 = Debug|iPhoneSimulator
		{587a599d-23d5-486a-949f-02696a41a562}.Debug|x86.ActiveCfg = Debug|iPhoneSimulator
		{587a599d-23d5-486a-949f-02696a41a562}.Debug|x86.Build.0 = Debug|iPhoneSimulator
		{587a599d-23d5-486a-949f-02696a41a562}.Release|Any CPU.ActiveCfg = Release|iPhoneSimulator
		{587a599d-23d5-486a-949f-02696a41a562}.Release|ARM.ActiveCfg = Release|iPhoneSimulator
		{587a599d-23d5-486a-949f-02696a41a562}.Release|ARM64.ActiveCfg = Release|iPhoneSimulator
		{587a599d-23d5-486a-949f-02696a41a562}.Release|iPhone.ActiveCfg = Release|iPhoneSimulator
		{587a599d-23d5-486a-949f-02696a41a562}.Release|iPhone.Build.0 = Release|iPhoneSimulator
		{587a599d-23d5-486a-949f-02696a41a562}.Release|iPhoneSimulator.ActiveCfg = Release|iPhoneSimulator
		{587a599d-23d5-486a-949f-02696a41a562}.Release|iPhoneSimulator.Build.0 = Release|iPhoneSimulator
		{587a599d-23d5-486a-949f-02696a41a562}.Release|x64.ActiveCfg = Release|iPhoneSimulator
		{587a599d-23d5-486a-949f-02696a41a562}.Release|x64.Build.0 = Release|iPhoneSimulator
		{587a599d-23d5-486a-949f-02696a41a562}.Release|x86.ActiveCfg = Release|iPhoneSimulator
		{587a599d-23d5-486a-949f-02696a41a562}.Release|x86.Build.0 = Release|iPhoneSimulator
	EndGlobalSection
	GlobalSection(SolutionProperties) = preSolution
		HideSolutionNode = FALSE
	EndGlobalSection
	GlobalSection(ExtensibilityGlobals) = postSolution
		SolutionGuid = {C7433AE2-B1A0-4C1A-887E-5CAA7AAF67A6}
	EndGlobalSection
EndGlobal
